
Microsoft Visual Studio Solution File, Format Version 12.00
# Visual Studio Version 17
VisualStudioVersion = 17.8.34511.84
MinimumVisualStudioVersion = 10.0.40219.1
Project("{9A19103F-16F7-4668-BE54-9A1E7A4F7556}") = "coder.Api", "Coderh-Final-Project\coder.Api.csproj", "{72DD69FE-C54A-4B6E-BA2F-BCDCD0078238}"
EndProject
Project("{9A19103F-16F7-4668-BE54-9A1E7A4F7556}") = "coder.Application", "coder.Application\coder.Application.csproj", "{87E44FBA-E7CC-4D6C-A300-51ED32B48512}"
EndProject
Project("{9A19103F-16F7-4668-BE54-9A1E7A4F7556}") = "coder.DataAccess", "coder.DataAccess\coder.DataAccess.csproj", "{4EC720E8-B6CB-4346-B326-C6CB89D0F9E0}"
EndProject
Project("{FAE04EC0-301F-11D3-BF4B-00C04F79EFBC}") = "coder.ErrorHandling", "coder.ErrorHandling\coder.ErrorHandling.csproj", "{136F4CD8-1D2C-494A-9B98-277EEFB156E4}"
EndProject
Global
	GlobalSection(SolutionConfigurationPlatforms) = preSolution
		Debug|Any CPU = Debug|Any CPU
		Release|Any CPU = Release|Any CPU
	EndGlobalSection
	GlobalSection(ProjectConfigurationPlatforms) = postSolution
		{72DD69FE-C54A-4B6E-BA2F-BCDCD0078238}.Debug|Any CPU.ActiveCfg = Debug|Any CPU
		{72DD69FE-C54A-4B6E-BA2F-BCDCD0078238}.Debug|Any CPU.Build.0 = Debug|Any CPU
		{72DD69FE-C54A-4B6E-BA2F-BCDCD0078238}.Release|Any CPU.ActiveCfg = Release|Any CPU
		{72DD69FE-C54A-4B6E-BA2F-BCDCD0078238}.Release|Any CPU.Build.0 = Release|Any CPU
		{87E44FBA-E7CC-4D6C-A300-51ED32B48512}.Debug|Any CPU.ActiveCfg = Debug|Any CPU
		{87E44FBA-E7CC-4D6C-A300-51ED32B48512}.Debug|Any CPU.Build.0 = Debug|Any CPU
		{87E44FBA-E7CC-4D6C-A300-51ED32B48512}.Release|Any CPU.ActiveCfg = Release|Any CPU
		{87E44FBA-E7CC-4D6C-A300-51ED32B48512}.Release|Any CPU.Build.0 = Release|Any CPU
		{4EC720E8-B6CB-4346-B326-C6CB89D0F9E0}.Debug|Any CPU.ActiveCfg = Debug|Any CPU
		{4EC720E8-B6CB-4346-B326-C6CB89D0F9E0}.Debug|Any CPU.Build.0 = Debug|Any CPU
		{4EC720E8-B6CB-4346-B326-C6CB89D0F9E0}.Release|Any CPU.ActiveCfg = Release|Any CPU
		{4EC720E8-B6CB-4346-B326-C6CB89D0F9E0}.Release|Any CPU.Build.0 = Release|Any CPU
		{136F4CD8-1D2C-494A-9B98-277EEFB156E4}.Debug|Any CPU.ActiveCfg = Debug|Any CPU
		{136F4CD8-1D2C-494A-9B98-277EEFB156E4}.Debug|Any CPU.Build.0 = Debug|Any CPU
		{136F4CD8-1D2C-494A-9B98-277EEFB156E4}.Release|Any CPU.ActiveCfg = Release|Any CPU
		{136F4CD8-1D2C-494A-9B98-277EEFB156E4}.Release|Any CPU.Build.0 = Release|Any CPU
	EndGlobalSection
	GlobalSection(SolutionProperties) = preSolution
		HideSolutionNode = FALSE
	EndGlobalSection
	GlobalSection(ExtensibilityGlobals) = postSolution
		SolutionGuid = {35F25115-464B-4253-A331-12CFBA5FAAFE}
	EndGlobalSection
EndGlobal
